
Microsoft Visual Studio Solution File, Format Version 12.00
# Visual Studio Version 17
VisualStudioVersion = 17.5.002.0
MinimumVisualStudioVersion = 10.0.40219.1
Project("{9A19103F-16F7-4668-BE54-9A1E7A4F7556}") = "TrilhaApiDesafio", "TrilhaApiDesafio.csproj", "{AB6181CA-D754-4059-A8CE-423F3D1E3CE2}"
EndProject
Global
	GlobalSection(SolutionConfigurationPlatforms) = preSolution
		Debug|Any CPU = Debug|Any CPU
		Release|Any CPU = Release|Any CPU
	EndGlobalSection
	GlobalSection(ProjectConfigurationPlatforms) = postSolution
		{AB6181CA-D754-4059-A8CE-423F3D1E3CE2}.Debug|Any CPU.ActiveCfg = Debug|Any CPU
		{AB6181CA-D754-4059-A8CE-423F3D1E3CE2}.Debug|Any CPU.Build.0 = Debug|Any CPU
		{AB6181CA-D754-4059-A8CE-423F3D1E3CE2}.Release|Any CPU.ActiveCfg = Release|Any CPU
		{AB6181CA-D754-4059-A8CE-423F3D1E3CE2}.Release|Any CPU.Build.0 = Release|Any CPU
	EndGlobalSection
	GlobalSection(SolutionProperties) = preSolution
		HideSolutionNode = FALSE
	EndGlobalSection
	GlobalSection(ExtensibilityGlobals) = postSolution
		SolutionGuid = {5AADD6EA-5265-47D0-B5BE-F522F54FAEF9}
	EndGlobalSection
EndGlobal
